
Microsoft Visual Studio Solution File, Format Version 12.00
# Visual Studio Version 17
VisualStudioVersion = 17.7.34221.43
MinimumVisualStudioVersion = 10.0.40219.1
Project("{FAE04EC0-301F-11D3-BF4B-00C04F79EFBC}") = "cs-json-indent", "cs-json-indent\cs-json-indent.csproj", "{BD2718E5-75D2-44A9-85F8-50932D467065}"
EndProject
Global
	GlobalSection(SolutionConfigurationPlatforms) = preSolution
		Debug|Any CPU = Debug|Any CPU
		Release|Any CPU = Release|Any CPU
	EndGlobalSection
	GlobalSection(ProjectConfigurationPlatforms) = postSolution
		{BD2718E5-75D2-44A9-85F8-50932D467065}.Debug|Any CPU.ActiveCfg = Debug|Any CPU
		{BD2718E5-75D2-44A9-85F8-50932D467065}.Debug|Any CPU.Build.0 = Debug|Any CPU
		{BD2718E5-75D2-44A9-85F8-50932D467065}.Release|Any CPU.ActiveCfg = Release|Any CPU
		{BD2718E5-75D2-44A9-85F8-50932D467065}.Release|Any CPU.Build.0 = Release|Any CPU
	EndGlobalSection
	GlobalSection(SolutionProperties) = preSolution
		HideSolutionNode = FALSE
	EndGlobalSection
	GlobalSection(ExtensibilityGlobals) = postSolution
		SolutionGuid = {A64D0972-2303-424F-9A7F-A8809C2460CC}
	EndGlobalSection
EndGlobal
